
Microsoft Visual Studio Solution File, Format Version 12.00
# Visual Studio 2013
VisualStudioVersion = 12.0.31101.0
MinimumVisualStudioVersion = 10.0.40219.1
Project("{FAE04EC0-301F-11D3-BF4B-00C04F79EFBC}") = "RaftDemo", "RaftDemo\RaftDemo.csproj", "{1DF8B415-639F-40DF-B24D-8777C5B7C0EF}"
EndProject
Project("{FAE04EC0-301F-11D3-BF4B-00C04F79EFBC}") = "CaliDiagram", "CaliDiagram\CaliDiagram.csproj", "{28019A1E-74D2-4481-8825-05961921DB7D}"
EndProject
Project("{FAE04EC0-301F-11D3-BF4B-00C04F79EFBC}") = "RaftAlgorithm", "RaftAlgorithm\RaftAlgorithm.csproj", "{17D6F49D-15F2-4963-A83B-CAAB1F93CAA1}"
EndProject
Global
	GlobalSection(SolutionConfigurationPlatforms) = preSolution
		Debug|Any CPU = Debug|Any CPU
		Release|Any CPU = Release|Any CPU
	EndGlobalSection
	GlobalSection(ProjectConfigurationPlatforms) = postSolution
		{1DF8B415-639F-40DF-B24D-8777C5B7C0EF}.Debug|Any CPU.ActiveCfg = Debug|Any CPU
		{1DF8B415-639F-40DF-B24D-8777C5B7C0EF}.Debug|Any CPU.Build.0 = Debug|Any CPU
		{1DF8B415-639F-40DF-B24D-8777C5B7C0EF}.Release|Any CPU.ActiveCfg = Release|Any CPU
		{1DF8B415-639F-40DF-B24D-8777C5B7C0EF}.Release|Any CPU.Build.0 = Release|Any CPU
		{28019A1E-74D2-4481-8825-05961921DB7D}.Debug|Any CPU.ActiveCfg = Debug|Any CPU
		{28019A1E-74D2-4481-8825-05961921DB7D}.Debug|Any CPU.Build.0 = Debug|Any CPU
		{28019A1E-74D2-4481-8825-05961921DB7D}.Release|Any CPU.ActiveCfg = Release|Any CPU
		{28019A1E-74D2-4481-8825-05961921DB7D}.Release|Any CPU.Build.0 = Release|Any CPU
		{17D6F49D-15F2-4963-A83B-CAAB1F93CAA1}.Debug|Any CPU.ActiveCfg = Debug|Any CPU
		{17D6F49D-15F2-4963-A83B-CAAB1F93CAA1}.Debug|Any CPU.Build.0 = Debug|Any CPU
		{17D6F49D-15F2-4963-A83B-CAAB1F93CAA1}.Release|Any CPU.ActiveCfg = Release|Any CPU
		{17D6F49D-15F2-4963-A83B-CAAB1F93CAA1}.Release|Any CPU.Build.0 = Release|Any CPU
	EndGlobalSection
	GlobalSection(SolutionProperties) = preSolution
		HideSolutionNode = FALSE
	EndGlobalSection
EndGlobal
